
Microsoft Visual Studio Solution File, Format Version 12.00
# Visual Studio Version 17
VisualStudioVersion = 17.6.33829.357
MinimumVisualStudioVersion = 10.0.40219.1
Project("{FAE04EC0-301F-11D3-BF4B-00C04F79EFBC}") = "Tricount.Entities", "Tricount.Entities\Tricount.Entities.csproj", "{8B272FF8-2DAB-43CE-B2BF-75B82A920DBE}"
EndProject
Global
	GlobalSection(SolutionConfigurationPlatforms) = preSolution
		Debug|Any CPU = Debug|Any CPU
		Release|Any CPU = Release|Any CPU
	EndGlobalSection
	GlobalSection(ProjectConfigurationPlatforms) = postSolution
		{8B272FF8-2DAB-43CE-B2BF-75B82A920DBE}.Debug|Any CPU.ActiveCfg = Debug|Any CPU
		{8B272FF8-2DAB-43CE-B2BF-75B82A920DBE}.Debug|Any CPU.Build.0 = Debug|Any CPU
		{8B272FF8-2DAB-43CE-B2BF-75B82A920DBE}.Release|Any CPU.ActiveCfg = Release|Any CPU
		{8B272FF8-2DAB-43CE-B2BF-75B82A920DBE}.Release|Any CPU.Build.0 = Release|Any CPU
	EndGlobalSection
	GlobalSection(SolutionProperties) = preSolution
		HideSolutionNode = FALSE
	EndGlobalSection
	GlobalSection(ExtensibilityGlobals) = postSolution
		SolutionGuid = {D7C6034D-D859-4A3E-BC56-512B497EB8AA}
	EndGlobalSection
EndGlobal
